
Microsoft Visual Studio Solution File, Format Version 12.00
# Visual Studio Version 17
VisualStudioVersion = 17.1.32210.238
MinimumVisualStudioVersion = 10.0.40219.1
Project("{FAE04EC0-301F-11D3-BF4B-00C04F79EFBC}") = "KeepDbOnlineTimer", "KeepDbOnlineTimer\KeepDbOnlineTimer.csproj", "{C36D82FA-E7F2-418F-AF25-B125E9443286}"
EndProject
Global
	GlobalSection(SolutionConfigurationPlatforms) = preSolution
		Debug|Any CPU = Debug|Any CPU
		Release|Any CPU = Release|Any CPU
	EndGlobalSection
	GlobalSection(ProjectConfigurationPlatforms) = postSolution
		{C36D82FA-E7F2-418F-AF25-B125E9443286}.Debug|Any CPU.ActiveCfg = Debug|Any CPU
		{C36D82FA-E7F2-418F-AF25-B125E9443286}.Debug|Any CPU.Build.0 = Debug|Any CPU
		{C36D82FA-E7F2-418F-AF25-B125E9443286}.Release|Any CPU.ActiveCfg = Release|Any CPU
		{C36D82FA-E7F2-418F-AF25-B125E9443286}.Release|Any CPU.Build.0 = Release|Any CPU
	EndGlobalSection
	GlobalSection(SolutionProperties) = preSolution
		HideSolutionNode = FALSE
	EndGlobalSection
	GlobalSection(ExtensibilityGlobals) = postSolution
		SolutionGuid = {0ADBAD61-F684-4FD1-AE62-150F0647F71B}
	EndGlobalSection
EndGlobal
